
Microsoft Visual Studio Solution File, Format Version 12.00
# Visual Studio Version 17
VisualStudioVersion = 17.8.34511.84
MinimumVisualStudioVersion = 10.0.40219.1
Project("{FAE04EC0-301F-11D3-BF4B-00C04F79EFBC}") = "OPC Client", "OPC Client\OPC Client.csproj", "{DC532A37-AF3F-4434-AAB3-22D3E1FD7663}"
EndProject
Global
	GlobalSection(SolutionConfigurationPlatforms) = preSolution
		Debug|Any CPU = Debug|Any CPU
		Release|Any CPU = Release|Any CPU
	EndGlobalSection
	GlobalSection(ProjectConfigurationPlatforms) = postSolution
		{DC532A37-AF3F-4434-AAB3-22D3E1FD7663}.Debug|Any CPU.ActiveCfg = Debug|Any CPU
		{DC532A37-AF3F-4434-AAB3-22D3E1FD7663}.Debug|Any CPU.Build.0 = Debug|Any CPU
		{DC532A37-AF3F-4434-AAB3-22D3E1FD7663}.Release|Any CPU.ActiveCfg = Release|Any CPU
		{DC532A37-AF3F-4434-AAB3-22D3E1FD7663}.Release|Any CPU.Build.0 = Release|Any CPU
	EndGlobalSection
	GlobalSection(SolutionProperties) = preSolution
		HideSolutionNode = FALSE
	EndGlobalSection
	GlobalSection(ExtensibilityGlobals) = postSolution
		SolutionGuid = {FEA6732B-9D7D-4E8C-A6D3-037799A51427}
	EndGlobalSection
EndGlobal
